
Microsoft Visual Studio Solution File, Format Version 12.00
# Visual Studio Version 17
VisualStudioVersion = 17.10.35122.118
MinimumVisualStudioVersion = 10.0.40219.1
Project("{9A19103F-16F7-4668-BE54-9A1E7A4F7556}") = "PB102App", "PB102App\PB102App.csproj", "{29FC4601-36F2-499D-A510-33A16539A31E}"
EndProject
Global
	GlobalSection(SolutionConfigurationPlatforms) = preSolution
		Debug|Any CPU = Debug|Any CPU
		Release|Any CPU = Release|Any CPU
	EndGlobalSection
	GlobalSection(ProjectConfigurationPlatforms) = postSolution
		{29FC4601-36F2-499D-A510-33A16539A31E}.Debug|Any CPU.ActiveCfg = Debug|Any CPU
		{29FC4601-36F2-499D-A510-33A16539A31E}.Debug|Any CPU.Build.0 = Debug|Any CPU
		{29FC4601-36F2-499D-A510-33A16539A31E}.Release|Any CPU.ActiveCfg = Release|Any CPU
		{29FC4601-36F2-499D-A510-33A16539A31E}.Release|Any CPU.Build.0 = Release|Any CPU
	EndGlobalSection
	GlobalSection(SolutionProperties) = preSolution
		HideSolutionNode = FALSE
	EndGlobalSection
	GlobalSection(ExtensibilityGlobals) = postSolution
		SolutionGuid = {BE381013-E94C-4420-A7F5-6335E74C3706}
	EndGlobalSection
EndGlobal
